
Microsoft Visual Studio Solution File, Format Version 12.00
# Visual Studio Version 17
VisualStudioVersion = 17.2.32519.379
MinimumVisualStudioVersion = 10.0.40219.1
Project("{FAE04EC0-301F-11D3-BF4B-00C04F79EFBC}") = "GradeTracker", "GradeTracker\GradeTracker.csproj", "{88ED62E3-6F91-48AB-95F7-81E1D46AC04D}"
EndProject
Global
	GlobalSection(SolutionConfigurationPlatforms) = preSolution
		Debug|Any CPU = Debug|Any CPU
		Release|Any CPU = Release|Any CPU
	EndGlobalSection
	GlobalSection(ProjectConfigurationPlatforms) = postSolution
		{88ED62E3-6F91-48AB-95F7-81E1D46AC04D}.Debug|Any CPU.ActiveCfg = Debug|Any CPU
		{88ED62E3-6F91-48AB-95F7-81E1D46AC04D}.Debug|Any CPU.Build.0 = Debug|Any CPU
		{88ED62E3-6F91-48AB-95F7-81E1D46AC04D}.Release|Any CPU.ActiveCfg = Release|Any CPU
		{88ED62E3-6F91-48AB-95F7-81E1D46AC04D}.Release|Any CPU.Build.0 = Release|Any CPU
	EndGlobalSection
	GlobalSection(SolutionProperties) = preSolution
		HideSolutionNode = FALSE
	EndGlobalSection
	GlobalSection(ExtensibilityGlobals) = postSolution
		SolutionGuid = {442EF25E-0899-4B64-AE85-8326A4D4E69F}
	EndGlobalSection
EndGlobal
